# This file is generated by craft.
version = 1
manifest = "Craft.toml"
manifest-digest = "fnv1a64:fa9ce98c00435698"

[[package]]
id = "xml 0.1.0 root"
name = "xml"
version = "0.1.0"
source = "root"
manifest = "Craft.toml"
manifest-digest = "fnv1a64:fa9ce98c00435698"

[[package-target]]
package = "xml 0.1.0 root"
kind = "lib"
root = "src/lib.kn"

[[package-target]]
package = "xml 0.1.0 root"
kind = "test"
name = "smoke"
root = "tests/smoke.kn"

[[package-target]]
package = "xml 0.1.0 root"
kind = "test"
name = "fixtures"
root = "tests/fixtures.kn"

[[package-target]]
package = "xml 0.1.0 root"
kind = "example"
name = "bench_xml"
root = "examples/bench_xml.kn"

[[publish-proof]]
package-id = "xml 0.1.0 root"
path = "."
package = "xml"
version = "0.1.0"
kern = "0.7.7"
description = "XML parsing and decoding utilities for Kern"
license = "MIT"
authors = ["softfault <givenyoung46@gmail.com>"]
readme = "README.md"
repository = "https://github.com/kern-project/xml-kern.git"
manifest-sha256 = "sha256:94ab721b28fe35a9755d939015f1b350b973249864da14fb3bf24cd6e46412d2"
source-sha256 = "sha256:d7992f319898cc2faaf449a81c2aab689c92dea55b2d4e396a5a486abca8a1a2"
