# This file is generated by craft.
version = 1
manifest = "Craft.toml"
manifest-digest = "fnv1a64:bb62c740d59f7ad2"

[[package]]
id = "xml 0.1.0 root"
name = "xml"
version = "0.1.0"
source = "root"
manifest = "Craft.toml"
manifest-digest = "fnv1a64:bb62c740d59f7ad2"

[[package-target]]
package = "xml 0.1.0 root"
kind = "lib"
root = "src/lib.rn"

[[package-target]]
package = "xml 0.1.0 root"
kind = "test"
name = "smoke"
root = "tests/smoke.rn"

[[package-target]]
package = "xml 0.1.0 root"
kind = "test"
name = "fixtures"
root = "tests/fixtures.rn"

[[package-target]]
package = "xml 0.1.0 root"
kind = "example"
name = "bench_xml"
root = "examples/bench_xml.rn"
