# This file is generated by craft.
version = 1
manifest = "Craft.toml"
manifest-digest = "fnv1a64:56a38f75fbd8296a"

[[package]]
id = "xml 0.1.0 root"
name = "xml"
version = "0.1.0"
source = "root"
manifest = "Craft.toml"
manifest-digest = "fnv1a64:56a38f75fbd8296a"

[[package-target]]
package = "xml 0.1.0 root"
kind = "lib"
root = "src/lib.rn"

[[package-target]]
package = "xml 0.1.0 root"
kind = "test"
name = "smoke"
root = "tests/smoke.rn"

[[package-target]]
package = "xml 0.1.0 root"
kind = "test"
name = "fixtures"
root = "tests/fixtures.rn"

[[package-target]]
package = "xml 0.1.0 root"
kind = "example"
name = "bench_xml"
root = "examples/bench_xml.rn"

[[publish-proof]]
package-id = "xml 0.1.0 root"
package = "xml"
version = "0.1.0"
kern = "0.7.5"
repository = "https://github.com/softfault/xml-kern.git"
manifest-sha256 = "sha256:45083347a6014050b08b3dd47c6057d72378fd7fcb4ad5db4b12212542dd929e"
source-sha256 = "sha256:f82f4a3d938d36f164e18b0487d61d26e17e8e73e7b5fd913f0f3500a9050e1a"
